// !$*UTF8*$!
{
	archiveVersion = 1;
	classes = {
	};
	objectVersion = 50;
	objects = {

/* Begin PBXBuildFile section */
		42085DED24C43D36009D6B88 /* AppDelegate.swift in Sources */ = {isa = PBXBuildFile; fileRef = 42085DEC24C43D36009D6B88 /* AppDelegate.swift */; };
		42085DEF24C43D36009D6B88 /* SceneDelegate.swift in Sources */ = {isa = PBXBuildFile; fileRef = 42085DEE24C43D36009D6B88 /* SceneDelegate.swift */; };
		42085DF124C43D36009D6B88 /* ViewController.swift in Sources */ = {isa = PBXBuildFile; fileRef = 42085DF024C43D36009D6B88 /* ViewController.swift */; };
		42085DF424C43D36009D6B88 /* Main.storyboard in Resources */ = {isa = PBXBuildFile; fileRef = 42085DF224C43D36009D6B88 /* Main.storyboard */; };
		42085DF624C43D39009D6B88 /* Assets.xcassets in Resources */ = {isa = PBXBuildFile; fileRef = 42085DF524C43D39009D6B88 /* Assets.xcassets */; };
		42085DF924C43D39009D6B88 /* LaunchScreen.storyboard in Resources */ = {isa = PBXBuildFile; fileRef = 42085DF724C43D39009D6B88 /* LaunchScreen.storyboard */; };
		42085E0424C43D39009D6B88 /* QiitaClientCleanArchitectureTests.swift in Sources */ = {isa = PBXBuildFile; fileRef = 42085E0324C43D39009D6B88 /* QiitaClientCleanArchitectureTests.swift */; };
		42085E0F24C43D39009D6B88 /* QiitaClientCleanArchitectureUITests.swift in Sources */ = {isa = PBXBuildFile; fileRef = 42085E0E24C43D39009D6B88 /* QiitaClientCleanArchitectureUITests.swift */; };
/* End PBXBuildFile section */

/* Begin PBXContainerItemProxy section */
		42085E0024C43D39009D6B88 /* PBXContainerItemProxy */ = {
			isa = PBXContainerItemProxy;
			containerPortal = 42085DE124C43D36009D6B88 /* Project object */;
			proxyType = 1;
			remoteGlobalIDString = 42085DE824C43D36009D6B88;
			remoteInfo = QiitaClientCleanArchitecture;
		};
		42085E0B24C43D39009D6B88 /* PBXContainerItemProxy */ = {
			isa = PBXContainerItemProxy;
			containerPortal = 42085DE124C43D36009D6B88 /* Project object */;
			proxyType = 1;
			remoteGlobalIDString = 42085DE824C43D36009D6B88;
			remoteInfo = QiitaClientCleanArchitecture;
		};
/* End PBXContainerItemProxy section */

/* Begin PBXFileReference section */
		42085DE924C43D36009D6B88 /* QiitaClientCleanArchitecture.app */ = {isa = PBXFileReference; explicitFileType = wrapper.application; includeInIndex = 0; path = QiitaClientCleanArchitecture.app; sourceTree = BUILT_PRODUCTS_DIR; };
		42085DEC24C43D36009D6B88 /* AppDelegate.swift */ = {isa = PBXFileReference; lastKnownFileType = sourcecode.swift; path = AppDelegate.swift; sourceTree = "<group>"; };
		42085DEE24C43D36009D6B88 /* SceneDelegate.swift */ = {isa = PBXFileReference; lastKnownFileType = sourcecode.swift; path = SceneDelegate.swift; sourceTree = "<group>"; };
		42085DF024C43D36009D6B88 /* ViewController.swift */ = {isa = PBXFileReference; lastKnownFileType = sourcecode.swift; path = ViewController.swift; sourceTree = "<group>"; };
		42085DF324C43D36009D6B88 /* Base */ = {isa = PBXFileReference; lastKnownFileType = file.storyboard; name = Base; path = Base.lproj/Main.storyboard; sourceTree = "<group>"; };
		42085DF524C43D39009D6B88 /* Assets.xcassets */ = {isa = PBXFileReference; lastKnownFileType = folder.assetcatalog; path = Assets.xcassets; sourceTree = "<group>"; };
		42085DF824C43D39009D6B88 /* Base */ = {isa = PBXFileReference; lastKnownFileType = file.storyboard; name = Base; path = Base.lproj/LaunchScreen.storyboard; sourceTree = "<group>"; };
		42085DFA24C43D39009D6B88 /* Info.plist */ = {isa = PBXFileReference; lastKnownFileType = text.plist.xml; path = Info.plist; sourceTree = "<group>"; };
		42085DFF24C43D39009D6B88 /* QiitaClientCleanArchitectureTests.xctest */ = {isa = PBXFileReference; explicitFileType = wrapper.cfbundle; includeInIndex = 0; path = QiitaClientCleanArchitectureTests.xctest; sourceTree = BUILT_PRODUCTS_DIR; };
		42085E0324C43D39009D6B88 /* QiitaClientCleanArchitectureTests.swift */ = {isa = PBXFileReference; lastKnownFileType = sourcecode.swift; path = QiitaClientCleanArchitectureTests.swift; sourceTree = "<group>"; };
		42085E0524C43D39009D6B88 /* Info.plist */ = {isa = PBXFileReference; lastKnownFileType = text.plist.xml; path = Info.plist; sourceTree = "<group>"; };
		42085E0A24C43D39009D6B88 /* QiitaClientCleanArchitectureUITests.xctest */ = {isa = PBXFileReference; explicitFileType = wrapper.cfbundle; includeInIndex = 0; path = QiitaClientCleanArchitectureUITests.xctest; sourceTree = BUILT_PRODUCTS_DIR; };
		42085E0E24C43D39009D6B88 /* QiitaClientCleanArchitectureUITests.swift */ = {isa = PBXFileReference; lastKnownFileType = sourcecode.swift; path = QiitaClientCleanArchitectureUITests.swift; sourceTree = "<group>"; };
		42085E1024C43D39009D6B88 /* Info.plist */ = {isa = PBXFileReference; lastKnownFileType = text.plist.xml; path = Info.plist; sourceTree = "<group>"; };
/* End PBXFileReference section */

/* Begin PBXFrameworksBuildPhase section */
		42085DE624C43D36009D6B88 /* Frameworks */ = {
			isa = PBXFrameworksBuildPhase;
			buildActionMask = 2147483647;
			files = (
			);
			runOnlyForDeploymentPostprocessing = 0;
		};
		42085DFC24C43D39009D6B88 /* Frameworks */ = {
			isa = PBXFrameworksBuildPhase;
			buildActionMask = 2147483647;
			files = (
			);
			runOnlyForDeploymentPostprocessing = 0;
		};
		42085E0724C43D39009D6B88 /* Frameworks */ = {
			isa = PBXFrameworksBuildPhase;
			buildActionMask = 2147483647;
			files = (
			);
			runOnlyForDeploymentPostprocessing = 0;
		};
/* End PBXFrameworksBuildPhase section */

/* Begin PBXGroup section */
		42085DE024C43D36009D6B88 = {
			isa = PBXGroup;
			children = (
				42085DEB24C43D36009D6B88 /* QiitaClientCleanArchitecture */,
				42085E0224C43D39009D6B88 /* QiitaClientCleanArchitectureTests */,
				42085E0D24C43D39009D6B88 /* QiitaClientCleanArchitectureUITests */,
				42085DEA24C43D36009D6B88 /* Products */,
			);
			sourceTree = "<group>";
		};
		42085DEA24C43D36009D6B88 /* Products */ = {
			isa = PBXGroup;
			children = (
				42085DE924C43D36009D6B88 /* QiitaClientCleanArchitecture.app */,
				42085DFF24C43D39009D6B88 /* QiitaClientCleanArchitectureTests.xctest */,
				42085E0A24C43D39009D6B88 /* QiitaClientCleanArchitectureUITests.xctest */,
			);
			name = Products;
			sourceTree = "<group>";
		};
		42085DEB24C43D36009D6B88 /* QiitaClientCleanArchitecture */ = {
			isa = PBXGroup;
			children = (
				42085DEC24C43D36009D6B88 /* AppDelegate.swift */,
				42085DEE24C43D36009D6B88 /* SceneDelegate.swift */,
				42085DF024C43D36009D6B88 /* ViewController.swift */,
				42085DF224C43D36009D6B88 /* Main.storyboard */,
				42085DF524C43D39009D6B88 /* Assets.xcassets */,
				42085DF724C43D39009D6B88 /* LaunchScreen.storyboard */,
				42085DFA24C43D39009D6B88 /* Info.plist */,
			);
			path = QiitaClientCleanArchitecture;
			sourceTree = "<group>";
		};
		42085E0224C43D39009D6B88 /* QiitaClientCleanArchitectureTests */ = {
			isa = PBXGroup;
			children = (
				42085E0324C43D39009D6B88 /* QiitaClientCleanArchitectureTests.swift */,
				42085E0524C43D39009D6B88 /* Info.plist */,
			);
			path = QiitaClientCleanArchitectureTests;
			sourceTree = "<group>";
		};
		42085E0D24C43D39009D6B88 /* QiitaClientCleanArchitectureUITests */ = {
			isa = PBXGroup;
			children = (
				42085E0E24C43D39009D6B88 /* QiitaClientCleanArchitectureUITests.swift */,
				42085E1024C43D39009D6B88 /* Info.plist */,
			);
			path = QiitaClientCleanArchitectureUITests;
			sourceTree = "<group>";
		};
/* End PBXGroup section */

/* Begin PBXNativeTarget section */
		42085DE824C43D36009D6B88 /* QiitaClientCleanArchitecture */ = {
			isa = PBXNativeTarget;
			buildConfigurationList = 42085E1324C43D39009D6B88 /* Build configuration list for PBXNativeTarget "QiitaClientCleanArchitecture" */;
			buildPhases = (
				42085DE524C43D36009D6B88 /* Sources */,
				42085DE624C43D36009D6B88 /* Frameworks */,
				42085DE724C43D36009D6B88 /* Resources */,
			);
			buildRules = (
			);
			dependencies = (
			);
			name = QiitaClientCleanArchitecture;
			productName = QiitaClientCleanArchitecture;
			productReference = 42085DE924C43D36009D6B88 /* QiitaClientCleanArchitecture.app */;
			productType = "com.apple.product-type.application";
		};
		42085DFE24C43D39009D6B88 /* QiitaClientCleanArchitectureTests */ = {
			isa = PBXNativeTarget;
			buildConfigurationList = 42085E1624C43D39009D6B88 /* Build configuration list for PBXNativeTarget "QiitaClientCleanArchitectureTests" */;
			buildPhases = (
				42085DFB24C43D39009D6B88 /* Sources */,
				42085DFC24C43D39009D6B88 /* Frameworks */,
				42085DFD24C43D39009D6B88 /* Resources */,
			);
			buildRules = (
			);
			dependencies = (
				42085E0124C43D39009D6B88 /* PBXTargetDependency */,
			);
			name = QiitaClientCleanArchitectureTests;
			productName = QiitaClientCleanArchitectureTests;
			productReference = 42085DFF24C43D39009D6B88 /* QiitaClientCleanArchitectureTests.xctest */;
			productType = "com.apple.product-type.bundle.unit-test";
		};
		42085E0924C43D39009D6B88 /* QiitaClientCleanArchitectureUITests */ = {
			isa = PBXNativeTarget;
			buildConfigurationList = 42085E1924C43D39009D6B88 /* Build configuration list for PBXNativeTarget "QiitaClientCleanArchitectureUITests" */;
			buildPhases = (
				42085E0624C43D39009D6B88 /* Sources */,
				42085E0724C43D39009D6B88 /* Frameworks */,
				42085E0824C43D39009D6B88 /* Resources */,
			);
			buildRules = (
			);
			dependencies = (
				42085E0C24C43D39009D6B88 /* PBXTargetDependency */,
			);
			name = QiitaClientCleanArchitectureUITests;
			productName = QiitaClientCleanArchitectureUITests;
			productReference = 42085E0A24C43D39009D6B88 /* QiitaClientCleanArchitectureUITests.xctest */;
			productType = "com.apple.product-type.bundle.ui-testing";
		};
/* End PBXNativeTarget section */

/* Begin PBXProject section */
		42085DE124C43D36009D6B88 /* Project object */ = {
			isa = PBXProject;
			attributes = {
				LastSwiftUpdateCheck = 1130;
				LastUpgradeCheck = 1130;
				ORGANIZATIONNAME = "Daichi Hayashi";
				TargetAttributes = {
					42085DE824C43D36009D6B88 = {
						CreatedOnToolsVersion = 11.3.1;
					};
					42085DFE24C43D39009D6B88 = {
						CreatedOnToolsVersion = 11.3.1;
						TestTargetID = 42085DE824C43D36009D6B88;
					};
					42085E0924C43D39009D6B88 = {
						CreatedOnToolsVersion = 11.3.1;
						TestTargetID = 42085DE824C43D36009D6B88;
					};
				};
			};
			buildConfigurationList = 42085DE424C43D36009D6B88 /* Build configuration list for PBXProject "QiitaClientCleanArchitecture" */;
			compatibilityVersion = "Xcode 9.3";
			developmentRegion = en;
			hasScannedForEncodings = 0;
			knownRegions = (
				en,
				Base,
			);
			mainGroup = 42085DE024C43D36009D6B88;
			productRefGroup = 42085DEA24C43D36009D6B88 /* Products */;
			projectDirPath = "";
			projectRoot = "";
			targets = (
				42085DE824C43D36009D6B88 /* QiitaClientCleanArchitecture */,
				42085DFE24C43D39009D6B88 /* QiitaClientCleanArchitectureTests */,
				42085E0924C43D39009D6B88 /* QiitaClientCleanArchitectureUITests */,
			);
		};
/* End PBXProject section */

/* Begin PBXResourcesBuildPhase section */
		42085DE724C43D36009D6B88 /* Resources */ = {
			isa = PBXResourcesBuildPhase;
			buildActionMask = 2147483647;
			files = (
				42085DF924C43D39009D6B88 /* LaunchScreen.storyboard in Resources */,
				42085DF624C43D39009D6B88 /* Assets.xcassets in Resources */,
				42085DF424C43D36009D6B88 /* Main.storyboard in Resources */,
			);
			runOnlyForDeploymentPostprocessing = 0;
		};
		42085DFD24C43D39009D6B88 /* Resources */ = {
			isa = PBXResourcesBuildPhase;
			buildActionMask = 2147483647;
			files = (
			);
			runOnlyForDeploymentPostprocessing = 0;
		};
		42085E0824C43D39009D6B88 /* Resources */ = {
			isa = PBXResourcesBuildPhase;
			buildActionMask = 2147483647;
			files = (
			);
			runOnlyForDeploymentPostprocessing = 0;
		};
/* End PBXResourcesBuildPhase section */

/* Begin PBXSourcesBuildPhase section */
		42085DE524C43D36009D6B88 /* Sources */ = {
			isa = PBXSourcesBuildPhase;
			buildActionMask = 2147483647;
			files = (
				42085DF124C43D36009D6B88 /* ViewController.swift in Sources */,
				42085DED24C43D36009D6B88 /* AppDelegate.swift in Sources */,
				42085DEF24C43D36009D6B88 /* SceneDelegate.swift in Sources */,
			);
			runOnlyForDeploymentPostprocessing = 0;
		};
		42085DFB24C43D39009D6B88 /* Sources */ = {
			isa = PBXSourcesBuildPhase;
			buildActionMask = 2147483647;
			files = (
				42085E0424C43D39009D6B88 /* QiitaClientCleanArchitectureTests.swift in Sources */,
			);
			runOnlyForDeploymentPostprocessing = 0;
		};
		42085E0624C43D39009D6B88 /* Sources */ = {
			isa = PBXSourcesBuildPhase;
			buildActionMask = 2147483647;
			files = (
				42085E0F24C43D39009D6B88 /* QiitaClientCleanArchitectureUITests.swift in Sources */,
			);
			runOnlyForDeploymentPostprocessing = 0;
		};
/* End PBXSourcesBuildPhase section */

/* Begin PBXTargetDependency section */
		42085E0124C43D39009D6B88 /* PBXTargetDependency */ = {
			isa = PBXTargetDependency;
			target = 42085DE824C43D36009D6B88 /* QiitaClientCleanArchitecture */;
			targetProxy = 42085E0024C43D39009D6B88 /* PBXContainerItemProxy */;
		};
		42085E0C24C43D39009D6B88 /* PBXTargetDependency */ = {
			isa = PBXTargetDependency;
			target = 42085DE824C43D36009D6B88 /* QiitaClientCleanArchitecture */;
			targetProxy = 42085E0B24C43D39009D6B88 /* PBXContainerItemProxy */;
		};
/* End PBXTargetDependency section */

/* Begin PBXVariantGroup section */
		42085DF224C43D36009D6B88 /* Main.storyboard */ = {
			isa = PBXVariantGroup;
			children = (
				42085DF324C43D36009D6B88 /* Base */,
			);
			name = Main.storyboard;
			sourceTree = "<group>";
		};
		42085DF724C43D39009D6B88 /* LaunchScreen.storyboard */ = {
			isa = PBXVariantGroup;
			children = (
				42085DF824C43D39009D6B88 /* Base */,
			);
			name = LaunchScreen.storyboard;
			sourceTree = "<group>";
		};
/* End PBXVariantGroup section */

/* Begin XCBuildConfiguration section */
		42085E1124C43D39009D6B88 /* Debug */ = {
			isa = XCBuildConfiguration;
			buildSettings = {
				ALWAYS_SEARCH_USER_PATHS = NO;
				CLANG_ANALYZER_NONNULL = YES;
				CLANG_ANALYZER_NUMBER_OBJECT_CONVERSION = YES_AGGRESSIVE;
				CLANG_CXX_LANGUAGE_STANDARD = "gnu++14";
				CLANG_CXX_LIBRARY = "libc++";
				CLANG_ENABLE_MODULES = YES;
				CLANG_ENABLE_OBJC_ARC = YES;
				CLANG_ENABLE_OBJC_WEAK = YES;
				CLANG_WARN_BLOCK_CAPTURE_AUTORELEASING = YES;
				CLANG_WARN_BOOL_CONVERSION = YES;
				CLANG_WARN_COMMA = YES;
				CLANG_WARN_CONSTANT_CONVERSION = YES;
				CLANG_WARN_DEPRECATED_OBJC_IMPLEMENTATIONS = YES;
				CLANG_WARN_DIRECT_OBJC_ISA_USAGE = YES_ERROR;
				CLANG_WARN_DOCUMENTATION_COMMENTS = YES;
				CLANG_WARN_EMPTY_BODY = YES;
				CLANG_WARN_ENUM_CONVERSION = YES;
				CLANG_WARN_INFINITE_RECURSION = YES;
				CLANG_WARN_INT_CONVERSION = YES;
				CLANG_WARN_NON_LITERAL_NULL_CONVERSION = YES;
				CLANG_WARN_OBJC_IMPLICIT_RETAIN_SELF = YES;
				CLANG_WARN_OBJC_LITERAL_CONVERSION = YES;
				CLANG_WARN_OBJC_ROOT_CLASS = YES_ERROR;
				CLANG_WARN_RANGE_LOOP_ANALYSIS = YES;
				CLANG_WARN_STRICT_PROTOTYPES = YES;
				CLANG_WARN_SUSPICIOUS_MOVE = YES;
				CLANG_WARN_UNGUARDED_AVAILABILITY = YES_AGGRESSIVE;
				CLANG_WARN_UNREACHABLE_CODE = YES;
				CLANG_WARN__DUPLICATE_METHOD_MATCH = YES;
				COPY_PHASE_STRIP = NO;
				DEBUG_INFORMATION_FORMAT = dwarf;
				ENABLE_STRICT_OBJC_MSGSEND = YES;
				ENABLE_TESTABILITY = YES;
				GCC_C_LANGUAGE_STANDARD = gnu11;
				GCC_DYNAMIC_NO_PIC = NO;
				GCC_NO_COMMON_BLOCKS = YES;
				GCC_OPTIMIZATION_LEVEL = 0;
				GCC_PREPROCESSOR_DEFINITIONS = (
					"DEBUG=1",
					"$(inherited)",
				);
				GCC_WARN_64_TO_32_BIT_CONVERSION = YES;
				GCC_WARN_ABOUT_RETURN_TYPE = YES_ERROR;
				GCC_WARN_UNDECLARED_SELECTOR = YES;
				GCC_WARN_UNINITIALIZED_AUTOS = YES_AGGRESSIVE;
				GCC_WARN_UNUSED_FUNCTION = YES;
				GCC_WARN_UNUSED_VARIABLE = YES;
				IPHONEOS_DEPLOYMENT_TARGET = 13.2;
				MTL_ENABLE_DEBUG_INFO = INCLUDE_SOURCE;
				MTL_FAST_MATH = YES;
				ONLY_ACTIVE_ARCH = YES;
				SDKROOT = iphoneos;
				SWIFT_ACTIVE_COMPILATION_CONDITIONS = DEBUG;
				SWIFT_OPTIMIZATION_LEVEL = "-Onone";
			};
			name = Debug;
		};
		42085E1224C43D39009D6B88 /* Release */ = {
			isa = XCBuildConfiguration;
			buildSettings = {
				ALWAYS_SEARCH_USER_PATHS = NO;
				CLANG_ANALYZER_NONNULL = YES;
				CLANG_ANALYZER_NUMBER_OBJECT_CONVERSION = YES_AGGRESSIVE;
				CLANG_CXX_LANGUAGE_STANDARD = "gnu++14";
				CLANG_CXX_LIBRARY = "libc++";
				CLANG_ENABLE_MODULES = YES;
				CLANG_ENABLE_OBJC_ARC = YES;
				CLANG_ENABLE_OBJC_WEAK = YES;
				CLANG_WARN_BLOCK_CAPTURE_AUTORELEASING = YES;
				CLANG_WARN_BOOL_CONVERSION = YES;
				CLANG_WARN_COMMA = YES;
				CLANG_WARN_CONSTANT_CONVERSION = YES;
				CLANG_WARN_DEPRECATED_OBJC_IMPLEMENTATIONS = YES;
				CLANG_WARN_DIRECT_OBJC_ISA_USAGE = YES_ERROR;
				CLANG_WARN_DOCUMENTATION_COMMENTS = YES;
				CLANG_WARN_EMPTY_BODY = YES;
				CLANG_WARN_ENUM_CONVERSION = YES;
				CLANG_WARN_INFINITE_RECURSION = YES;
				CLANG_WARN_INT_CONVERSION = YES;
				CLANG_WARN_NON_LITERAL_NULL_CONVERSION = YES;
				CLANG_WARN_OBJC_IMPLICIT_RETAIN_SELF = YES;
				CLANG_WARN_OBJC_LITERAL_CONVERSION = YES;
				CLANG_WARN_OBJC_ROOT_CLASS = YES_ERROR;
				CLANG_WARN_RANGE_LOOP_ANALYSIS = YES;
				CLANG_WARN_STRICT_PROTOTYPES = YES;
				CLANG_WARN_SUSPICIOUS_MOVE = YES;
				CLANG_WARN_UNGUARDED_AVAILABILITY = YES_AGGRESSIVE;
				CLANG_WARN_UNREACHABLE_CODE = YES;
				CLANG_WARN__DUPLICATE_METHOD_MATCH = YES;
				COPY_PHASE_STRIP = NO;
				DEBUG_INFORMATION_FORMAT = "dwarf-with-dsym";
				ENABLE_NS_ASSERTIONS = NO;
				ENABLE_STRICT_OBJC_MSGSEND = YES;
				GCC_C_LANGUAGE_STANDARD = gnu11;
				GCC_NO_COMMON_BLOCKS = YES;
				GCC_WARN_64_TO_32_BIT_CONVERSION = YES;
				GCC_WARN_ABOUT_RETURN_TYPE = YES_ERROR;
				GCC_WARN_UNDECLARED_SELECTOR = YES;
				GCC_WARN_UNINITIALIZED_AUTOS = YES_AGGRESSIVE;
				GCC_WARN_UNUSED_FUNCTION = YES;
				GCC_WARN_UNUSED_VARIABLE = YES;
				IPHONEOS_DEPLOYMENT_TARGET = 13.2;
				MTL_ENABLE_DEBUG_INFO = NO;
				MTL_FAST_MATH = YES;
				SDKROOT = iphoneos;
				SWIFT_COMPILATION_MODE = wholemodule;
				SWIFT_OPTIMIZATION_LEVEL = "-O";
				VALIDATE_PRODUCT = YES;
			};
			name = Release;
		};
		42085E1424C43D39009D6B88 /* Debug */ = {
			isa = XCBuildConfiguration;
			buildSettings = {
				ASSETCATALOG_COMPILER_APPICON_NAME = AppIcon;
				CODE_SIGN_STYLE = Automatic;
				DEVELOPMENT_TEAM = X79UHLMR5A;
				INFOPLIST_FILE = QiitaClientCleanArchitecture/Info.plist;
				LD_RUNPATH_SEARCH_PATHS = (
					"$(inherited)",
					"@executable_path/Frameworks",
				);
				PRODUCT_BUNDLE_IDENTIFIER = Daichi.QiitaClientCleanArchitecture;
				PRODUCT_NAME = "$(TARGET_NAME)";
				SWIFT_VERSION = 5.0;
				TARGETED_DEVICE_FAMILY = "1,2";
			};
			name = Debug;
		};
		42085E1524C43D39009D6B88 /* Release */ = {
			isa = XCBuildConfiguration;
			buildSettings = {
				ASSETCATALOG_COMPILER_APPICON_NAME = AppIcon;
				CODE_SIGN_STYLE = Automatic;
				DEVELOPMENT_TEAM = X79UHLMR5A;
				INFOPLIST_FILE = QiitaClientCleanArchitecture/Info.plist;
				LD_RUNPATH_SEARCH_PATHS = (
					"$(inherited)",
					"@executable_path/Frameworks",
				);
				PRODUCT_BUNDLE_IDENTIFIER = Daichi.QiitaClientCleanArchitecture;
				PRODUCT_NAME = "$(TARGET_NAME)";
				SWIFT_VERSION = 5.0;
				TARGETED_DEVICE_FAMILY = "1,2";
			};
			name = Release;
		};
		42085E1724C43D39009D6B88 /* Debug */ = {
			isa = XCBuildConfiguration;
			buildSettings = {
				ALWAYS_EMBED_SWIFT_STANDARD_LIBRARIES = YES;
				BUNDLE_LOADER = "$(TEST_HOST)";
				CODE_SIGN_STYLE = Automatic;
				DEVELOPMENT_TEAM = X79UHLMR5A;
				INFOPLIST_FILE = QiitaClientCleanArchitectureTests/Info.plist;
				IPHONEOS_DEPLOYMENT_TARGET = 13.2;
				LD_RUNPATH_SEARCH_PATHS = (
					"$(inherited)",
					"@executable_path/Frameworks",
					"@loader_path/Frameworks",
				);
				PRODUCT_BUNDLE_IDENTIFIER = Daichi.QiitaClientCleanArchitectureTests;
				PRODUCT_NAME = "$(TARGET_NAME)";
				SWIFT_VERSION = 5.0;
				TARGETED_DEVICE_FAMILY = "1,2";
				TEST_HOST = "$(BUILT_PRODUCTS_DIR)/QiitaClientCleanArchitecture.app/QiitaClientCleanArchitecture";
			};
			name = Debug;
		};
		42085E1824C43D39009D6B88 /* Release */ = {
			isa = XCBuildConfiguration;
			buildSettings = {
				ALWAYS_EMBED_SWIFT_STANDARD_LIBRARIES = YES;
				BUNDLE_LOADER = "$(TEST_HOST)";
				CODE_SIGN_STYLE = Automatic;
				DEVELOPMENT_TEAM = X79UHLMR5A;
				INFOPLIST_FILE = QiitaClientCleanArchitectureTests/Info.plist;
				IPHONEOS_DEPLOYMENT_TARGET = 13.2;
				LD_RUNPATH_SEARCH_PATHS = (
					"$(inherited)",
					"@executable_path/Frameworks",
					"@loader_path/Frameworks",
				);
				PRODUCT_BUNDLE_IDENTIFIER = Daichi.QiitaClientCleanArchitectureTests;
				PRODUCT_NAME = "$(TARGET_NAME)";
				SWIFT_VERSION = 5.0;
				TARGETED_DEVICE_FAMILY = "1,2";
				TEST_HOST = "$(BUILT_PRODUCTS_DIR)/QiitaClientCleanArchitecture.app/QiitaClientCleanArchitecture";
			};
			name = Release;
		};
		42085E1A24C43D39009D6B88 /* Debug */ = {
			isa = XCBuildConfiguration;
			buildSettings = {
				ALWAYS_EMBED_SWIFT_STANDARD_LIBRARIES = YES;
				CODE_SIGN_STYLE = Automatic;
				DEVELOPMENT_TEAM = X79UHLMR5A;
				INFOPLIST_FILE = QiitaClientCleanArchitectureUITests/Info.plist;
				LD_RUNPATH_SEARCH_PATHS = (
					"$(inherited)",
					"@executable_path/Frameworks",
					"@loader_path/Frameworks",
				);
				PRODUCT_BUNDLE_IDENTIFIER = Daichi.QiitaClientCleanArchitectureUITests;
				PRODUCT_NAME = "$(TARGET_NAME)";
				SWIFT_VERSION = 5.0;
				TARGETED_DEVICE_FAMILY = "1,2";
				TEST_TARGET_NAME = QiitaClientCleanArchitecture;
			};
			name = Debug;
		};
		42085E1B24C43D39009D6B88 /* Release */ = {
			isa = XCBuildConfiguration;
			buildSettings = {
				ALWAYS_EMBED_SWIFT_STANDARD_LIBRARIES = YES;
				CODE_SIGN_STYLE = Automatic;
				DEVELOPMENT_TEAM = X79UHLMR5A;
				INFOPLIST_FILE = QiitaClientCleanArchitectureUITests/Info.plist;
				LD_RUNPATH_SEARCH_PATHS = (
					"$(inherited)",
					"@executable_path/Frameworks",
					"@loader_path/Frameworks",
				);
				PRODUCT_BUNDLE_IDENTIFIER = Daichi.QiitaClientCleanArchitectureUITests;
				PRODUCT_NAME = "$(TARGET_NAME)";
				SWIFT_VERSION = 5.0;
				TARGETED_DEVICE_FAMILY = "1,2";
				TEST_TARGET_NAME = QiitaClientCleanArchitecture;
			};
			name = Release;
		};
/* End XCBuildConfiguration section */

/* Begin XCConfigurationList section */
		42085DE424C43D36009D6B88 /* Build configuration list for PBXProject "QiitaClientCleanArchitecture" */ = {
			isa = XCConfigurationList;
			buildConfigurations = (
				42085E1124C43D39009D6B88 /* Debug */,
				42085E1224C43D39009D6B88 /* Release */,
			);
			defaultConfigurationIsVisible = 0;
			defaultConfigurationName = Release;
		};
		42085E1324C43D39009D6B88 /* Build configuration list for PBXNativeTarget "QiitaClientCleanArchitecture" */ = {
			isa = XCConfigurationList;
			buildConfigurations = (
				42085E1424C43D39009D6B88 /* Debug */,
				42085E1524C43D39009D6B88 /* Release */,
			);
			defaultConfigurationIsVisible = 0;
			defaultConfigurationName = Release;
		};
		42085E1624C43D39009D6B88 /* Build configuration list for PBXNativeTarget "QiitaClientCleanArchitectureTests" */ = {
			isa = XCConfigurationList;
			buildConfigurations = (
				42085E1724C43D39009D6B88 /* Debug */,
				42085E1824C43D39009D6B88 /* Release */,
			);
			defaultConfigurationIsVisible = 0;
			defaultConfigurationName = Release;
		};
		42085E1924C43D39009D6B88 /* Build configuration list for PBXNativeTarget "QiitaClientCleanArchitectureUITests" */ = {
			isa = XCConfigurationList;
			buildConfigurations = (
				42085E1A24C43D39009D6B88 /* Debug */,
				42085E1B24C43D39009D6B88 /* Release */,
			);
			defaultConfigurationIsVisible = 0;
			defaultConfigurationName = Release;
		};
/* End XCConfigurationList section */
	};
	rootObject = 42085DE124C43D36009D6B88 /* Project object */;
}
